
Microsoft Visual Studio Solution File, Format Version 12.00
# Visual Studio Version 17
VisualStudioVersion = 17.11.35312.102
MinimumVisualStudioVersion = 10.0.40219.1
Project("{2150E333-8FDC-42A3-9474-1A3956D46DE8}") = "Task0", "Task0", "{F5A7F65A-DFAE-49BB-8DC2-8DDEAF02D4E5}"
EndProject
Project("{FAE04EC0-301F-11D3-BF4B-00C04F79EFBC}") = "Tyuiu.SpirinIS.Sprint0.Task0.V0", "Tyuiu.SpirinIS.Sprint0.Task0.V0\Tyuiu.SpirinIS.Sprint0.Task0.V0.csproj", "{5699642B-5F69-4C8C-B963-37AE090BD53C}"
EndProject
Global
	GlobalSection(SolutionConfigurationPlatforms) = preSolution
		Debug|Any CPU = Debug|Any CPU
		Release|Any CPU = Release|Any CPU
	EndGlobalSection
	GlobalSection(ProjectConfigurationPlatforms) = postSolution
		{5699642B-5F69-4C8C-B963-37AE090BD53C}.Debug|Any CPU.ActiveCfg = Debug|Any CPU
		{5699642B-5F69-4C8C-B963-37AE090BD53C}.Debug|Any CPU.Build.0 = Debug|Any CPU
		{5699642B-5F69-4C8C-B963-37AE090BD53C}.Release|Any CPU.ActiveCfg = Release|Any CPU
		{5699642B-5F69-4C8C-B963-37AE090BD53C}.Release|Any CPU.Build.0 = Release|Any CPU
	EndGlobalSection
	GlobalSection(SolutionProperties) = preSolution
		HideSolutionNode = FALSE
	EndGlobalSection
	GlobalSection(NestedProjects) = preSolution
		{5699642B-5F69-4C8C-B963-37AE090BD53C} = {F5A7F65A-DFAE-49BB-8DC2-8DDEAF02D4E5}
	EndGlobalSection
	GlobalSection(ExtensibilityGlobals) = postSolution
		SolutionGuid = {6504A8BA-7834-4A72-8139-8C80944FD141}
	EndGlobalSection
EndGlobal
